// !$*UTF8*$!
{
	archiveVersion = 1;
	classes = {
	};
	objectVersion = 56;
	objects = {

/* Begin PBXBuildFile section */
		043CCFAF2A444C8A00ED6614 /* AppDelegate.swift in Sources */ = {isa = PBXBuildFile; fileRef = 043CCFAE2A444C8A00ED6614 /* AppDelegate.swift */; };
		043CCFB12A444C8A00ED6614 /* SceneDelegate.swift in Sources */ = {isa = PBXBuildFile; fileRef = 043CCFB02A444C8A00ED6614 /* SceneDelegate.swift */; };
		043CCFB32A444C8A00ED6614 /* MenuViewController.swift in Sources */ = {isa = PBXBuildFile; fileRef = 043CCFB22A444C8A00ED6614 /* MenuViewController.swift */; };
		043CCFB82A444C8C00ED6614 /* Assets.xcassets in Resources */ = {isa = PBXBuildFile; fileRef = 043CCFB72A444C8C00ED6614 /* Assets.xcassets */; };
		043CCFBB2A444C8C00ED6614 /* LaunchScreen.storyboard in Resources */ = {isa = PBXBuildFile; fileRef = 043CCFB92A444C8C00ED6614 /* LaunchScreen.storyboard */; };
		04E9F82F2A444EF400B42CB5 /* MainVC.swift in Sources */ = {isa = PBXBuildFile; fileRef = 04E9F82E2A444EF400B42CB5 /* MainVC.swift */; };
		04E9F8322A44684700B42CB5 /* MenuHeaderView.swift in Sources */ = {isa = PBXBuildFile; fileRef = 04E9F8312A44684700B42CB5 /* MenuHeaderView.swift */; };
		04E9F8342A44718900B42CB5 /* FoodCell.swift in Sources */ = {isa = PBXBuildFile; fileRef = 04E9F8332A44718900B42CB5 /* FoodCell.swift */; };
		04E9F83A2A44903800B42CB5 /* SelectTownView.swift in Sources */ = {isa = PBXBuildFile; fileRef = 04E9F8392A44903800B42CB5 /* SelectTownView.swift */; };
		04E9F83D2A44AEAE00B42CB5 /* MenuPresenter.swift in Sources */ = {isa = PBXBuildFile; fileRef = 04E9F83C2A44AEAE00B42CB5 /* MenuPresenter.swift */; };
		04E9F8402A44AEDB00B42CB5 /* IMenuView.swift in Sources */ = {isa = PBXBuildFile; fileRef = 04E9F83F2A44AEDB00B42CB5 /* IMenuView.swift */; };
		04E9F8422A44AF0F00B42CB5 /* IMenuPresenter.swift in Sources */ = {isa = PBXBuildFile; fileRef = 04E9F8412A44AF0F00B42CB5 /* IMenuPresenter.swift */; };
		04E9F8442A44AFA800B42CB5 /* ModuleAssembley.swift in Sources */ = {isa = PBXBuildFile; fileRef = 04E9F8432A44AFA800B42CB5 /* ModuleAssembley.swift */; };
		04E9F8472A44B3C800B42CB5 /* BannerCell.swift in Sources */ = {isa = PBXBuildFile; fileRef = 04E9F8462A44B3C800B42CB5 /* BannerCell.swift */; };
		04E9F8492A44B3D700B42CB5 /* CategoryFoodCell.swift in Sources */ = {isa = PBXBuildFile; fileRef = 04E9F8482A44B3D700B42CB5 /* CategoryFoodCell.swift */; };
		04E9F84B2A44B3E600B42CB5 /* IReusableCell.swift in Sources */ = {isa = PBXBuildFile; fileRef = 04E9F84A2A44B3E600B42CB5 /* IReusableCell.swift */; };
		04E9F8512A44B90200B42CB5 /* MenuHeaderViewDelegate.swift in Sources */ = {isa = PBXBuildFile; fileRef = 04E9F8502A44B90200B42CB5 /* MenuHeaderViewDelegate.swift */; };
		04E9F8532A44CB7500B42CB5 /* PromoModel.swift in Sources */ = {isa = PBXBuildFile; fileRef = 04E9F8522A44CB7500B42CB5 /* PromoModel.swift */; };
		04E9F8562A44D54100B42CB5 /* CategoryModel.swift in Sources */ = {isa = PBXBuildFile; fileRef = 04E9F8552A44D54100B42CB5 /* CategoryModel.swift */; };
		04E9F8582A44D69900B42CB5 /* IConfurableCell.swift in Sources */ = {isa = PBXBuildFile; fileRef = 04E9F8572A44D69900B42CB5 /* IConfurableCell.swift */; };
		04E9F85A2A44D81B00B42CB5 /* FoodModel.swift in Sources */ = {isa = PBXBuildFile; fileRef = 04E9F8592A44D81B00B42CB5 /* FoodModel.swift */; };
/* End PBXBuildFile section */

/* Begin PBXFileReference section */
		043CCFAB2A444C8A00ED6614 /* HammerSystemTestWork.app */ = {isa = PBXFileReference; explicitFileType = wrapper.application; includeInIndex = 0; path = HammerSystemTestWork.app; sourceTree = BUILT_PRODUCTS_DIR; };
		043CCFAE2A444C8A00ED6614 /* AppDelegate.swift */ = {isa = PBXFileReference; lastKnownFileType = sourcecode.swift; path = AppDelegate.swift; sourceTree = "<group>"; };
		043CCFB02A444C8A00ED6614 /* SceneDelegate.swift */ = {isa = PBXFileReference; lastKnownFileType = sourcecode.swift; path = SceneDelegate.swift; sourceTree = "<group>"; };
		043CCFB22A444C8A00ED6614 /* MenuViewController.swift */ = {isa = PBXFileReference; lastKnownFileType = sourcecode.swift; path = MenuViewController.swift; sourceTree = "<group>"; };
		043CCFB72A444C8C00ED6614 /* Assets.xcassets */ = {isa = PBXFileReference; lastKnownFileType = folder.assetcatalog; path = Assets.xcassets; sourceTree = "<group>"; };
		043CCFBA2A444C8C00ED6614 /* Base */ = {isa = PBXFileReference; lastKnownFileType = file.storyboard; name = Base; path = Base.lproj/LaunchScreen.storyboard; sourceTree = "<group>"; };
		043CCFBC2A444C8C00ED6614 /* Info.plist */ = {isa = PBXFileReference; lastKnownFileType = text.plist.xml; path = Info.plist; sourceTree = "<group>"; };
		04E9F82E2A444EF400B42CB5 /* MainVC.swift */ = {isa = PBXFileReference; lastKnownFileType = sourcecode.swift; path = MainVC.swift; sourceTree = "<group>"; };
		04E9F8312A44684700B42CB5 /* MenuHeaderView.swift */ = {isa = PBXFileReference; lastKnownFileType = sourcecode.swift; path = MenuHeaderView.swift; sourceTree = "<group>"; };
		04E9F8332A44718900B42CB5 /* FoodCell.swift */ = {isa = PBXFileReference; lastKnownFileType = sourcecode.swift; path = FoodCell.swift; sourceTree = "<group>"; };
		04E9F8392A44903800B42CB5 /* SelectTownView.swift */ = {isa = PBXFileReference; lastKnownFileType = sourcecode.swift; path = SelectTownView.swift; sourceTree = "<group>"; };
		04E9F83C2A44AEAE00B42CB5 /* MenuPresenter.swift */ = {isa = PBXFileReference; lastKnownFileType = sourcecode.swift; path = MenuPresenter.swift; sourceTree = "<group>"; };
		04E9F83F2A44AEDB00B42CB5 /* IMenuView.swift */ = {isa = PBXFileReference; lastKnownFileType = sourcecode.swift; path = IMenuView.swift; sourceTree = "<group>"; };
		04E9F8412A44AF0F00B42CB5 /* IMenuPresenter.swift */ = {isa = PBXFileReference; lastKnownFileType = sourcecode.swift; path = IMenuPresenter.swift; sourceTree = "<group>"; };
		04E9F8432A44AFA800B42CB5 /* ModuleAssembley.swift */ = {isa = PBXFileReference; lastKnownFileType = sourcecode.swift; path = ModuleAssembley.swift; sourceTree = "<group>"; };
		04E9F8462A44B3C800B42CB5 /* BannerCell.swift */ = {isa = PBXFileReference; lastKnownFileType = sourcecode.swift; path = BannerCell.swift; sourceTree = "<group>"; };
		04E9F8482A44B3D700B42CB5 /* CategoryFoodCell.swift */ = {isa = PBXFileReference; lastKnownFileType = sourcecode.swift; path = CategoryFoodCell.swift; sourceTree = "<group>"; };
		04E9F84A2A44B3E600B42CB5 /* IReusableCell.swift */ = {isa = PBXFileReference; lastKnownFileType = sourcecode.swift; path = IReusableCell.swift; sourceTree = "<group>"; };
		04E9F8502A44B90200B42CB5 /* MenuHeaderViewDelegate.swift */ = {isa = PBXFileReference; lastKnownFileType = sourcecode.swift; path = MenuHeaderViewDelegate.swift; sourceTree = "<group>"; };
		04E9F8522A44CB7500B42CB5 /* PromoModel.swift */ = {isa = PBXFileReference; lastKnownFileType = sourcecode.swift; path = PromoModel.swift; sourceTree = "<group>"; };
		04E9F8552A44D54100B42CB5 /* CategoryModel.swift */ = {isa = PBXFileReference; lastKnownFileType = sourcecode.swift; path = CategoryModel.swift; sourceTree = "<group>"; };
		04E9F8572A44D69900B42CB5 /* IConfurableCell.swift */ = {isa = PBXFileReference; lastKnownFileType = sourcecode.swift; path = IConfurableCell.swift; sourceTree = "<group>"; };
		04E9F8592A44D81B00B42CB5 /* FoodModel.swift */ = {isa = PBXFileReference; lastKnownFileType = sourcecode.swift; path = FoodModel.swift; sourceTree = "<group>"; };
/* End PBXFileReference section */

/* Begin PBXFrameworksBuildPhase section */
		043CCFA82A444C8A00ED6614 /* Frameworks */ = {
			isa = PBXFrameworksBuildPhase;
			buildActionMask = 2147483647;
			files = (
			);
			runOnlyForDeploymentPostprocessing = 0;
		};
/* End PBXFrameworksBuildPhase section */

/* Begin PBXGroup section */
		043CCFA22A444C8A00ED6614 = {
			isa = PBXGroup;
			children = (
				043CCFAD2A444C8A00ED6614 /* HammerSystemTestWork */,
				043CCFAC2A444C8A00ED6614 /* Products */,
			);
			sourceTree = "<group>";
		};
		043CCFAC2A444C8A00ED6614 /* Products */ = {
			isa = PBXGroup;
			children = (
				043CCFAB2A444C8A00ED6614 /* HammerSystemTestWork.app */,
			);
			name = Products;
			sourceTree = "<group>";
		};
		043CCFAD2A444C8A00ED6614 /* HammerSystemTestWork */ = {
			isa = PBXGroup;
			children = (
				043CCFBC2A444C8C00ED6614 /* Info.plist */,
				043CCFC22A444CE300ED6614 /* Application */,
				04E9F8452A44AFAB00B42CB5 /* Assembley */,
				04E9F84C2A44B3E900B42CB5 /* Protocols */,
				04E9F8302A444F7B00B42CB5 /* Presentation Layer */,
			);
			path = HammerSystemTestWork;
			sourceTree = "<group>";
		};
		043CCFC22A444CE300ED6614 /* Application */ = {
			isa = PBXGroup;
			children = (
				043CCFAE2A444C8A00ED6614 /* AppDelegate.swift */,
				043CCFB02A444C8A00ED6614 /* SceneDelegate.swift */,
				043CCFC32A444CEF00ED6614 /* Resources */,
			);
			path = Application;
			sourceTree = "<group>";
		};
		043CCFC32A444CEF00ED6614 /* Resources */ = {
			isa = PBXGroup;
			children = (
				043CCFB72A444C8C00ED6614 /* Assets.xcassets */,
				043CCFB92A444C8C00ED6614 /* LaunchScreen.storyboard */,
			);
			path = Resources;
			sourceTree = "<group>";
		};
		043CCFC42A444D5000ED6614 /* View */ = {
			isa = PBXGroup;
			children = (
				04E9F84F2A44B7CB00B42CB5 /* Protocols */,
				04E9F8352A44732B00B42CB5 /* Cells */,
				04E9F83B2A44AE7100B42CB5 /* Other */,
				043CCFB22A444C8A00ED6614 /* MenuViewController.swift */,
			);
			path = View;
			sourceTree = "<group>";
		};
		043CCFC52A444DE300ED6614 /* MenuModule */ = {
			isa = PBXGroup;
			children = (
				04E9F8542A44CB7800B42CB5 /* Model */,
				043CCFC42A444D5000ED6614 /* View */,
				04E9F83E2A44AEBA00B42CB5 /* Presenter */,
			);
			path = MenuModule;
			sourceTree = "<group>";
		};
		04E9F8302A444F7B00B42CB5 /* Presentation Layer */ = {
			isa = PBXGroup;
			children = (
				04E9F82E2A444EF400B42CB5 /* MainVC.swift */,
				043CCFC52A444DE300ED6614 /* MenuModule */,
			);
			path = "Presentation Layer";
			sourceTree = "<group>";
		};
		04E9F8352A44732B00B42CB5 /* Cells */ = {
			isa = PBXGroup;
			children = (
				04E9F85B2A44DC1500B42CB5 /* CollectionViews */,
				04E9F85C2A44DC1D00B42CB5 /* TableViews */,
			);
			path = Cells;
			sourceTree = "<group>";
		};
		04E9F83B2A44AE7100B42CB5 /* Other */ = {
			isa = PBXGroup;
			children = (
				04E9F8392A44903800B42CB5 /* SelectTownView.swift */,
				04E9F8312A44684700B42CB5 /* MenuHeaderView.swift */,
			);
			path = Other;
			sourceTree = "<group>";
		};
		04E9F83E2A44AEBA00B42CB5 /* Presenter */ = {
			isa = PBXGroup;
			children = (
				04E9F8412A44AF0F00B42CB5 /* IMenuPresenter.swift */,
				04E9F83C2A44AEAE00B42CB5 /* MenuPresenter.swift */,
			);
			path = Presenter;
			sourceTree = "<group>";
		};
		04E9F8452A44AFAB00B42CB5 /* Assembley */ = {
			isa = PBXGroup;
			children = (
				04E9F8432A44AFA800B42CB5 /* ModuleAssembley.swift */,
			);
			path = Assembley;
			sourceTree = "<group>";
		};
		04E9F84C2A44B3E900B42CB5 /* Protocols */ = {
			isa = PBXGroup;
			children = (
				04E9F84A2A44B3E600B42CB5 /* IReusableCell.swift */,
				04E9F8572A44D69900B42CB5 /* IConfurableCell.swift */,
			);
			path = Protocols;
			sourceTree = "<group>";
		};
		04E9F84F2A44B7CB00B42CB5 /* Protocols */ = {
			isa = PBXGroup;
			children = (
				04E9F83F2A44AEDB00B42CB5 /* IMenuView.swift */,
				04E9F8502A44B90200B42CB5 /* MenuHeaderViewDelegate.swift */,
			);
			path = Protocols;
			sourceTree = "<group>";
		};
		04E9F8542A44CB7800B42CB5 /* Model */ = {
			isa = PBXGroup;
			children = (
				04E9F8522A44CB7500B42CB5 /* PromoModel.swift */,
				04E9F8552A44D54100B42CB5 /* CategoryModel.swift */,
				04E9F8592A44D81B00B42CB5 /* FoodModel.swift */,
			);
			path = Model;
			sourceTree = "<group>";
		};
		04E9F85B2A44DC1500B42CB5 /* CollectionViews */ = {
			isa = PBXGroup;
			children = (
				04E9F8462A44B3C800B42CB5 /* BannerCell.swift */,
				04E9F8482A44B3D700B42CB5 /* CategoryFoodCell.swift */,
			);
			path = CollectionViews;
			sourceTree = "<group>";
		};
		04E9F85C2A44DC1D00B42CB5 /* TableViews */ = {
			isa = PBXGroup;
			children = (
				04E9F8332A44718900B42CB5 /* FoodCell.swift */,
			);
			path = TableViews;
			sourceTree = "<group>";
		};
/* End PBXGroup section */

/* Begin PBXNativeTarget section */
		043CCFAA2A444C8A00ED6614 /* HammerSystemTestWork */ = {
			isa = PBXNativeTarget;
			buildConfigurationList = 043CCFBF2A444C8C00ED6614 /* Build configuration list for PBXNativeTarget "HammerSystemTestWork" */;
			buildPhases = (
				043CCFA72A444C8A00ED6614 /* Sources */,
				043CCFA82A444C8A00ED6614 /* Frameworks */,
				043CCFA92A444C8A00ED6614 /* Resources */,
			);
			buildRules = (
			);
			dependencies = (
			);
			name = HammerSystemTestWork;
			productName = HammerSystemTestWork;
			productReference = 043CCFAB2A444C8A00ED6614 /* HammerSystemTestWork.app */;
			productType = "com.apple.product-type.application";
		};
/* End PBXNativeTarget section */

/* Begin PBXProject section */
		043CCFA32A444C8A00ED6614 /* Project object */ = {
			isa = PBXProject;
			attributes = {
				BuildIndependentTargetsInParallel = 1;
				LastSwiftUpdateCheck = 1420;
				LastUpgradeCheck = 1420;
				TargetAttributes = {
					043CCFAA2A444C8A00ED6614 = {
						CreatedOnToolsVersion = 14.2;
					};
				};
			};
			buildConfigurationList = 043CCFA62A444C8A00ED6614 /* Build configuration list for PBXProject "HammerSystemTestWork" */;
			compatibilityVersion = "Xcode 14.0";
			developmentRegion = en;
			hasScannedForEncodings = 0;
			knownRegions = (
				en,
				Base,
			);
			mainGroup = 043CCFA22A444C8A00ED6614;
			productRefGroup = 043CCFAC2A444C8A00ED6614 /* Products */;
			projectDirPath = "";
			projectRoot = "";
			targets = (
				043CCFAA2A444C8A00ED6614 /* HammerSystemTestWork */,
			);
		};
/* End PBXProject section */

/* Begin PBXResourcesBuildPhase section */
		043CCFA92A444C8A00ED6614 /* Resources */ = {
			isa = PBXResourcesBuildPhase;
			buildActionMask = 2147483647;
			files = (
				043CCFBB2A444C8C00ED6614 /* LaunchScreen.storyboard in Resources */,
				043CCFB82A444C8C00ED6614 /* Assets.xcassets in Resources */,
			);
			runOnlyForDeploymentPostprocessing = 0;
		};
/* End PBXResourcesBuildPhase section */

/* Begin PBXSourcesBuildPhase section */
		043CCFA72A444C8A00ED6614 /* Sources */ = {
			isa = PBXSourcesBuildPhase;
			buildActionMask = 2147483647;
			files = (
				04E9F8322A44684700B42CB5 /* MenuHeaderView.swift in Sources */,
				04E9F8442A44AFA800B42CB5 /* ModuleAssembley.swift in Sources */,
				04E9F8512A44B90200B42CB5 /* MenuHeaderViewDelegate.swift in Sources */,
				04E9F8342A44718900B42CB5 /* FoodCell.swift in Sources */,
				04E9F8562A44D54100B42CB5 /* CategoryModel.swift in Sources */,
				04E9F8402A44AEDB00B42CB5 /* IMenuView.swift in Sources */,
				04E9F83A2A44903800B42CB5 /* SelectTownView.swift in Sources */,
				04E9F8472A44B3C800B42CB5 /* BannerCell.swift in Sources */,
				04E9F84B2A44B3E600B42CB5 /* IReusableCell.swift in Sources */,
				04E9F85A2A44D81B00B42CB5 /* FoodModel.swift in Sources */,
				04E9F83D2A44AEAE00B42CB5 /* MenuPresenter.swift in Sources */,
				04E9F8532A44CB7500B42CB5 /* PromoModel.swift in Sources */,
				04E9F8492A44B3D700B42CB5 /* CategoryFoodCell.swift in Sources */,
				04E9F8582A44D69900B42CB5 /* IConfurableCell.swift in Sources */,
				043CCFB32A444C8A00ED6614 /* MenuViewController.swift in Sources */,
				04E9F82F2A444EF400B42CB5 /* MainVC.swift in Sources */,
				04E9F8422A44AF0F00B42CB5 /* IMenuPresenter.swift in Sources */,
				043CCFAF2A444C8A00ED6614 /* AppDelegate.swift in Sources */,
				043CCFB12A444C8A00ED6614 /* SceneDelegate.swift in Sources */,
			);
			runOnlyForDeploymentPostprocessing = 0;
		};
/* End PBXSourcesBuildPhase section */

/* Begin PBXVariantGroup section */
		043CCFB92A444C8C00ED6614 /* LaunchScreen.storyboard */ = {
			isa = PBXVariantGroup;
			children = (
				043CCFBA2A444C8C00ED6614 /* Base */,
			);
			name = LaunchScreen.storyboard;
			sourceTree = "<group>";
		};
/* End PBXVariantGroup section */

/* Begin XCBuildConfiguration section */
		043CCFBD2A444C8C00ED6614 /* Debug */ = {
			isa = XCBuildConfiguration;
			buildSettings = {
				ALWAYS_SEARCH_USER_PATHS = NO;
				CLANG_ANALYZER_NONNULL = YES;
				CLANG_ANALYZER_NUMBER_OBJECT_CONVERSION = YES_AGGRESSIVE;
				CLANG_CXX_LANGUAGE_STANDARD = "gnu++20";
				CLANG_ENABLE_MODULES = YES;
				CLANG_ENABLE_OBJC_ARC = YES;
				CLANG_ENABLE_OBJC_WEAK = YES;
				CLANG_WARN_BLOCK_CAPTURE_AUTORELEASING = YES;
				CLANG_WARN_BOOL_CONVERSION = YES;
				CLANG_WARN_COMMA = YES;
				CLANG_WARN_CONSTANT_CONVERSION = YES;
				CLANG_WARN_DEPRECATED_OBJC_IMPLEMENTATIONS = YES;
				CLANG_WARN_DIRECT_OBJC_ISA_USAGE = YES_ERROR;
				CLANG_WARN_DOCUMENTATION_COMMENTS = YES;
				CLANG_WARN_EMPTY_BODY = YES;
				CLANG_WARN_ENUM_CONVERSION = YES;
				CLANG_WARN_INFINITE_RECURSION = YES;
				CLANG_WARN_INT_CONVERSION = YES;
				CLANG_WARN_NON_LITERAL_NULL_CONVERSION = YES;
				CLANG_WARN_OBJC_IMPLICIT_RETAIN_SELF = YES;
				CLANG_WARN_OBJC_LITERAL_CONVERSION = YES;
				CLANG_WARN_OBJC_ROOT_CLASS = YES_ERROR;
				CLANG_WARN_QUOTED_INCLUDE_IN_FRAMEWORK_HEADER = YES;
				CLANG_WARN_RANGE_LOOP_ANALYSIS = YES;
				CLANG_WARN_STRICT_PROTOTYPES = YES;
				CLANG_WARN_SUSPICIOUS_MOVE = YES;
				CLANG_WARN_UNGUARDED_AVAILABILITY = YES_AGGRESSIVE;
				CLANG_WARN_UNREACHABLE_CODE = YES;
				CLANG_WARN__DUPLICATE_METHOD_MATCH = YES;
				COPY_PHASE_STRIP = NO;
				DEBUG_INFORMATION_FORMAT = dwarf;
				ENABLE_STRICT_OBJC_MSGSEND = YES;
				ENABLE_TESTABILITY = YES;
				GCC_C_LANGUAGE_STANDARD = gnu11;
				GCC_DYNAMIC_NO_PIC = NO;
				GCC_NO_COMMON_BLOCKS = YES;
				GCC_OPTIMIZATION_LEVEL = 0;
				GCC_PREPROCESSOR_DEFINITIONS = (
					"DEBUG=1",
					"$(inherited)",
				);
				GCC_WARN_64_TO_32_BIT_CONVERSION = YES;
				GCC_WARN_ABOUT_RETURN_TYPE = YES_ERROR;
				GCC_WARN_UNDECLARED_SELECTOR = YES;
				GCC_WARN_UNINITIALIZED_AUTOS = YES_AGGRESSIVE;
				GCC_WARN_UNUSED_FUNCTION = YES;
				GCC_WARN_UNUSED_VARIABLE = YES;
				IPHONEOS_DEPLOYMENT_TARGET = 13.0;
				MTL_ENABLE_DEBUG_INFO = INCLUDE_SOURCE;
				MTL_FAST_MATH = YES;
				ONLY_ACTIVE_ARCH = YES;
				SDKROOT = iphoneos;
				SWIFT_ACTIVE_COMPILATION_CONDITIONS = DEBUG;
				SWIFT_OPTIMIZATION_LEVEL = "-Onone";
			};
			name = Debug;
		};
		043CCFBE2A444C8C00ED6614 /* Release */ = {
			isa = XCBuildConfiguration;
			buildSettings = {
				ALWAYS_SEARCH_USER_PATHS = NO;
				CLANG_ANALYZER_NONNULL = YES;
				CLANG_ANALYZER_NUMBER_OBJECT_CONVERSION = YES_AGGRESSIVE;
				CLANG_CXX_LANGUAGE_STANDARD = "gnu++20";
				CLANG_ENABLE_MODULES = YES;
				CLANG_ENABLE_OBJC_ARC = YES;
				CLANG_ENABLE_OBJC_WEAK = YES;
				CLANG_WARN_BLOCK_CAPTURE_AUTORELEASING = YES;
				CLANG_WARN_BOOL_CONVERSION = YES;
				CLANG_WARN_COMMA = YES;
				CLANG_WARN_CONSTANT_CONVERSION = YES;
				CLANG_WARN_DEPRECATED_OBJC_IMPLEMENTATIONS = YES;
				CLANG_WARN_DIRECT_OBJC_ISA_USAGE = YES_ERROR;
				CLANG_WARN_DOCUMENTATION_COMMENTS = YES;
				CLANG_WARN_EMPTY_BODY = YES;
				CLANG_WARN_ENUM_CONVERSION = YES;
				CLANG_WARN_INFINITE_RECURSION = YES;
				CLANG_WARN_INT_CONVERSION = YES;
				CLANG_WARN_NON_LITERAL_NULL_CONVERSION = YES;
				CLANG_WARN_OBJC_IMPLICIT_RETAIN_SELF = YES;
				CLANG_WARN_OBJC_LITERAL_CONVERSION = YES;
				CLANG_WARN_OBJC_ROOT_CLASS = YES_ERROR;
				CLANG_WARN_QUOTED_INCLUDE_IN_FRAMEWORK_HEADER = YES;
				CLANG_WARN_RANGE_LOOP_ANALYSIS = YES;
				CLANG_WARN_STRICT_PROTOTYPES = YES;
				CLANG_WARN_SUSPICIOUS_MOVE = YES;
				CLANG_WARN_UNGUARDED_AVAILABILITY = YES_AGGRESSIVE;
				CLANG_WARN_UNREACHABLE_CODE = YES;
				CLANG_WARN__DUPLICATE_METHOD_MATCH = YES;
				COPY_PHASE_STRIP = NO;
				DEBUG_INFORMATION_FORMAT = "dwarf-with-dsym";
				ENABLE_NS_ASSERTIONS = NO;
				ENABLE_STRICT_OBJC_MSGSEND = YES;
				GCC_C_LANGUAGE_STANDARD = gnu11;
				GCC_NO_COMMON_BLOCKS = YES;
				GCC_WARN_64_TO_32_BIT_CONVERSION = YES;
				GCC_WARN_ABOUT_RETURN_TYPE = YES_ERROR;
				GCC_WARN_UNDECLARED_SELECTOR = YES;
				GCC_WARN_UNINITIALIZED_AUTOS = YES_AGGRESSIVE;
				GCC_WARN_UNUSED_FUNCTION = YES;
				GCC_WARN_UNUSED_VARIABLE = YES;
				IPHONEOS_DEPLOYMENT_TARGET = 13.0;
				MTL_ENABLE_DEBUG_INFO = NO;
				MTL_FAST_MATH = YES;
				SDKROOT = iphoneos;
				SWIFT_COMPILATION_MODE = wholemodule;
				SWIFT_OPTIMIZATION_LEVEL = "-O";
				VALIDATE_PRODUCT = YES;
			};
			name = Release;
		};
		043CCFC02A444C8C00ED6614 /* Debug */ = {
			isa = XCBuildConfiguration;
			buildSettings = {
				ASSETCATALOG_COMPILER_APPICON_NAME = AppIcon;
				ASSETCATALOG_COMPILER_GLOBAL_ACCENT_COLOR_NAME = AccentColor;
				CODE_SIGN_STYLE = Automatic;
				CURRENT_PROJECT_VERSION = 1;
				DEVELOPMENT_TEAM = PY76VYDPK7;
				GENERATE_INFOPLIST_FILE = YES;
				INFOPLIST_FILE = HammerSystemTestWork/Info.plist;
				INFOPLIST_KEY_UIApplicationSupportsIndirectInputEvents = YES;
				INFOPLIST_KEY_UILaunchStoryboardName = LaunchScreen;
				INFOPLIST_KEY_UISupportedInterfaceOrientations = UIInterfaceOrientationPortrait;
				INFOPLIST_KEY_UISupportedInterfaceOrientations_iPad = "UIInterfaceOrientationLandscapeLeft UIInterfaceOrientationLandscapeRight UIInterfaceOrientationPortrait UIInterfaceOrientationPortraitUpsideDown";
				IPHONEOS_DEPLOYMENT_TARGET = 13.0;
				LD_RUNPATH_SEARCH_PATHS = (
					"$(inherited)",
					"@executable_path/Frameworks",
				);
				MARKETING_VERSION = 1.0;
				PRODUCT_BUNDLE_IDENTIFIER = Home.HammerSystemTestWork;
				PRODUCT_NAME = "$(TARGET_NAME)";
				SUPPORTED_PLATFORMS = "iphoneos iphonesimulator";
				SUPPORTS_MACCATALYST = NO;
				SUPPORTS_MAC_DESIGNED_FOR_IPHONE_IPAD = NO;
				SWIFT_EMIT_LOC_STRINGS = YES;
				SWIFT_VERSION = 5.0;
				TARGETED_DEVICE_FAMILY = 1;
			};
			name = Debug;
		};
		043CCFC12A444C8C00ED6614 /* Release */ = {
			isa = XCBuildConfiguration;
			buildSettings = {
				ASSETCATALOG_COMPILER_APPICON_NAME = AppIcon;
				ASSETCATALOG_COMPILER_GLOBAL_ACCENT_COLOR_NAME = AccentColor;
				CODE_SIGN_STYLE = Automatic;
				CURRENT_PROJECT_VERSION = 1;
				DEVELOPMENT_TEAM = PY76VYDPK7;
				GENERATE_INFOPLIST_FILE = YES;
				INFOPLIST_FILE = HammerSystemTestWork/Info.plist;
				INFOPLIST_KEY_UIApplicationSupportsIndirectInputEvents = YES;
				INFOPLIST_KEY_UILaunchStoryboardName = LaunchScreen;
				INFOPLIST_KEY_UISupportedInterfaceOrientations = UIInterfaceOrientationPortrait;
				INFOPLIST_KEY_UISupportedInterfaceOrientations_iPad = "UIInterfaceOrientationLandscapeLeft UIInterfaceOrientationLandscapeRight UIInterfaceOrientationPortrait UIInterfaceOrientationPortraitUpsideDown";
				IPHONEOS_DEPLOYMENT_TARGET = 13.0;
				LD_RUNPATH_SEARCH_PATHS = (
					"$(inherited)",
					"@executable_path/Frameworks",
				);
				MARKETING_VERSION = 1.0;
				PRODUCT_BUNDLE_IDENTIFIER = Home.HammerSystemTestWork;
				PRODUCT_NAME = "$(TARGET_NAME)";
				SUPPORTED_PLATFORMS = "iphoneos iphonesimulator";
				SUPPORTS_MACCATALYST = NO;
				SUPPORTS_MAC_DESIGNED_FOR_IPHONE_IPAD = NO;
				SWIFT_EMIT_LOC_STRINGS = YES;
				SWIFT_VERSION = 5.0;
				TARGETED_DEVICE_FAMILY = 1;
			};
			name = Release;
		};
/* End XCBuildConfiguration section */

/* Begin XCConfigurationList section */
		043CCFA62A444C8A00ED6614 /* Build configuration list for PBXProject "HammerSystemTestWork" */ = {
			isa = XCConfigurationList;
			buildConfigurations = (
				043CCFBD2A444C8C00ED6614 /* Debug */,
				043CCFBE2A444C8C00ED6614 /* Release */,
			);
			defaultConfigurationIsVisible = 0;
			defaultConfigurationName = Release;
		};
		043CCFBF2A444C8C00ED6614 /* Build configuration list for PBXNativeTarget "HammerSystemTestWork" */ = {
			isa = XCConfigurationList;
			buildConfigurations = (
				043CCFC02A444C8C00ED6614 /* Debug */,
				043CCFC12A444C8C00ED6614 /* Release */,
			);
			defaultConfigurationIsVisible = 0;
			defaultConfigurationName = Release;
		};
/* End XCConfigurationList section */
	};
	rootObject = 043CCFA32A444C8A00ED6614 /* Project object */;
}
